Categories:
  - Security
License: GPL-3.0-or-later
AuthorName: Eren Malkoç
AuthorEmail: malkoceren24@gmail.com
SourceCode: https://github.com/erenmalkoc/snaplock-v2
IssueTracker: https://github.com/erenmalkoc/snaplock-v2/issues

AutoName: Snaplock

RepoType: git
Repo: https://github.com/erenmalkoc/snaplock-v2.git

Builds:
  - versionName: '1.0'
    versionCode: 1
    commit: ca353ece0bb5b089722ee998ffaf2b663d822941
    subdir: app
    gradle:
      - yes

AutoUpdateMode: Version
UpdateCheckMode: Tags
CurrentVersion: '1.0'
CurrentVersionCode: 1
